
Microsoft Visual Studio Solution File, Format Version 12.00
# Visual Studio Version 16
VisualStudioVersion = 16.0.31005.135
MinimumVisualStudioVersion = 10.0.40219.1
Project("{FAE04EC0-301F-11D3-BF4B-00C04F79EFBC}") = "Factory2", "Factory2\Factory2.csproj", "{FB50097C-C38F-43BA-937F-97860853B337}"
EndProject
Global
	GlobalSection(SolutionConfigurationPlatforms) = preSolution
		Debug|Any CPU = Debug|Any CPU
		Release|Any CPU = Release|Any CPU
	EndGlobalSection
	GlobalSection(ProjectConfigurationPlatforms) = postSolution
		{FB50097C-C38F-43BA-937F-97860853B337}.Debug|Any CPU.ActiveCfg = Debug|Any CPU
		{FB50097C-C38F-43BA-937F-97860853B337}.Debug|Any CPU.Build.0 = Debug|Any CPU
		{FB50097C-C38F-43BA-937F-97860853B337}.Release|Any CPU.ActiveCfg = Release|Any CPU
		{FB50097C-C38F-43BA-937F-97860853B337}.Release|Any CPU.Build.0 = Release|Any CPU
	EndGlobalSection
	GlobalSection(SolutionProperties) = preSolution
		HideSolutionNode = FALSE
	EndGlobalSection
	GlobalSection(ExtensibilityGlobals) = postSolution
		SolutionGuid = {25206A34-3851-41ED-9187-317C665155D3}
	EndGlobalSection
EndGlobal
