
Microsoft Visual Studio Solution File, Format Version 12.00
# Visual Studio Version 16
VisualStudioVersion = 16.0.31005.135
MinimumVisualStudioVersion = 10.0.40219.1
Project("{FAE04EC0-301F-11D3-BF4B-00C04F79EFBC}") = "BridgeExample", "BridgeExample\BridgeExample.csproj", "{849C2437-1D3E-4CC6-A9F3-C4B208B57AE4}"
EndProject
Global
	GlobalSection(SolutionConfigurationPlatforms) = preSolution
		Debug|Any CPU = Debug|Any CPU
		Release|Any CPU = Release|Any CPU
	EndGlobalSection
	GlobalSection(ProjectConfigurationPlatforms) = postSolution
		{849C2437-1D3E-4CC6-A9F3-C4B208B57AE4}.Debug|Any CPU.ActiveCfg = Debug|Any CPU
		{849C2437-1D3E-4CC6-A9F3-C4B208B57AE4}.Debug|Any CPU.Build.0 = Debug|Any CPU
		{849C2437-1D3E-4CC6-A9F3-C4B208B57AE4}.Release|Any CPU.ActiveCfg = Release|Any CPU
		{849C2437-1D3E-4CC6-A9F3-C4B208B57AE4}.Release|Any CPU.Build.0 = Release|Any CPU
	EndGlobalSection
	GlobalSection(SolutionProperties) = preSolution
		HideSolutionNode = FALSE
	EndGlobalSection
	GlobalSection(ExtensibilityGlobals) = postSolution
		SolutionGuid = {8354F4D0-4EA0-4D7A-8B1A-A36B1DF3A59F}
	EndGlobalSection
EndGlobal
