
Microsoft Visual Studio Solution File, Format Version 12.00
# Visual Studio Version 16
VisualStudioVersion = 16.0.31005.135
MinimumVisualStudioVersion = 10.0.40219.1
Project("{FAE04EC0-301F-11D3-BF4B-00C04F79EFBC}") = "AbstractFactoryExample", "AbstractFactoryExample\AbstractFactoryExample.csproj", "{2CB1B007-3327-48A2-BC11-0C8138B9864E}"
EndProject
Global
	GlobalSection(SolutionConfigurationPlatforms) = preSolution
		Debug|Any CPU = Debug|Any CPU
		Release|Any CPU = Release|Any CPU
	EndGlobalSection
	GlobalSection(ProjectConfigurationPlatforms) = postSolution
		{2CB1B007-3327-48A2-BC11-0C8138B9864E}.Debug|Any CPU.ActiveCfg = Debug|Any CPU
		{2CB1B007-3327-48A2-BC11-0C8138B9864E}.Debug|Any CPU.Build.0 = Debug|Any CPU
		{2CB1B007-3327-48A2-BC11-0C8138B9864E}.Release|Any CPU.ActiveCfg = Release|Any CPU
		{2CB1B007-3327-48A2-BC11-0C8138B9864E}.Release|Any CPU.Build.0 = Release|Any CPU
	EndGlobalSection
	GlobalSection(SolutionProperties) = preSolution
		HideSolutionNode = FALSE
	EndGlobalSection
	GlobalSection(ExtensibilityGlobals) = postSolution
		SolutionGuid = {38D42CD8-3CC9-4198-BDDA-D35F55042F14}
	EndGlobalSection
EndGlobal
