
Microsoft Visual Studio Solution File, Format Version 12.00
# Visual Studio Version 16
VisualStudioVersion = 16.0.31005.135
MinimumVisualStudioVersion = 10.0.40219.1
Project("{FAE04EC0-301F-11D3-BF4B-00C04F79EFBC}") = "CompositeTasarım", "CompositeTasarım\CompositeTasarım.csproj", "{EF239BCE-A18B-4254-A5C1-982DCF80206B}"
EndProject
Global
	GlobalSection(SolutionConfigurationPlatforms) = preSolution
		Debug|Any CPU = Debug|Any CPU
		Release|Any CPU = Release|Any CPU
	EndGlobalSection
	GlobalSection(ProjectConfigurationPlatforms) = postSolution
		{EF239BCE-A18B-4254-A5C1-982DCF80206B}.Debug|Any CPU.ActiveCfg = Debug|Any CPU
		{EF239BCE-A18B-4254-A5C1-982DCF80206B}.Debug|Any CPU.Build.0 = Debug|Any CPU
		{EF239BCE-A18B-4254-A5C1-982DCF80206B}.Release|Any CPU.ActiveCfg = Release|Any CPU
		{EF239BCE-A18B-4254-A5C1-982DCF80206B}.Release|Any CPU.Build.0 = Release|Any CPU
	EndGlobalSection
	GlobalSection(SolutionProperties) = preSolution
		HideSolutionNode = FALSE
	EndGlobalSection
	GlobalSection(ExtensibilityGlobals) = postSolution
		SolutionGuid = {62289401-6AC9-4C11-A1FF-05493EC05A76}
	EndGlobalSection
EndGlobal
