
Microsoft Visual Studio Solution File, Format Version 12.00
# Visual Studio Version 16
VisualStudioVersion = 16.0.31005.135
MinimumVisualStudioVersion = 10.0.40219.1
Project("{FAE04EC0-301F-11D3-BF4B-00C04F79EFBC}") = "AdapterExample", "AdapterExample\AdapterExample.csproj", "{986AC198-4D1C-476C-AFA8-0745D2860EC0}"
EndProject
Global
	GlobalSection(SolutionConfigurationPlatforms) = preSolution
		Debug|Any CPU = Debug|Any CPU
		Release|Any CPU = Release|Any CPU
	EndGlobalSection
	GlobalSection(ProjectConfigurationPlatforms) = postSolution
		{986AC198-4D1C-476C-AFA8-0745D2860EC0}.Debug|Any CPU.ActiveCfg = Debug|Any CPU
		{986AC198-4D1C-476C-AFA8-0745D2860EC0}.Debug|Any CPU.Build.0 = Debug|Any CPU
		{986AC198-4D1C-476C-AFA8-0745D2860EC0}.Release|Any CPU.ActiveCfg = Release|Any CPU
		{986AC198-4D1C-476C-AFA8-0745D2860EC0}.Release|Any CPU.Build.0 = Release|Any CPU
	EndGlobalSection
	GlobalSection(SolutionProperties) = preSolution
		HideSolutionNode = FALSE
	EndGlobalSection
	GlobalSection(ExtensibilityGlobals) = postSolution
		SolutionGuid = {3256A434-9747-407A-B59C-58F577E270E0}
	EndGlobalSection
EndGlobal
