
Microsoft Visual Studio Solution File, Format Version 12.00
# Visual Studio Version 16
VisualStudioVersion = 16.0.31005.135
MinimumVisualStudioVersion = 10.0.40219.1
Project("{FAE04EC0-301F-11D3-BF4B-00C04F79EFBC}") = "FacadeExample1", "FacadeExample1\FacadeExample1.csproj", "{97BB2CFB-0D1D-46B6-9465-5CC4AF3FA58A}"
EndProject
Global
	GlobalSection(SolutionConfigurationPlatforms) = preSolution
		Debug|Any CPU = Debug|Any CPU
		Release|Any CPU = Release|Any CPU
	EndGlobalSection
	GlobalSection(ProjectConfigurationPlatforms) = postSolution
		{97BB2CFB-0D1D-46B6-9465-5CC4AF3FA58A}.Debug|Any CPU.ActiveCfg = Debug|Any CPU
		{97BB2CFB-0D1D-46B6-9465-5CC4AF3FA58A}.Debug|Any CPU.Build.0 = Debug|Any CPU
		{97BB2CFB-0D1D-46B6-9465-5CC4AF3FA58A}.Release|Any CPU.ActiveCfg = Release|Any CPU
		{97BB2CFB-0D1D-46B6-9465-5CC4AF3FA58A}.Release|Any CPU.Build.0 = Release|Any CPU
	EndGlobalSection
	GlobalSection(SolutionProperties) = preSolution
		HideSolutionNode = FALSE
	EndGlobalSection
	GlobalSection(ExtensibilityGlobals) = postSolution
		SolutionGuid = {2393D7EA-76B5-4903-A7D0-E5F3F020961E}
	EndGlobalSection
EndGlobal
